
Microsoft Visual Studio Solution File, Format Version 12.00
# Visual Studio 14
VisualStudioVersion = 14.0.23107.0
MinimumVisualStudioVersion = 10.0.40219.1
Project("{FAE04EC0-301F-11D3-BF4B-00C04F79EFBC}") = "EJ01", "EJ01\EJ01.csproj", "{00ED8A61-82C0-4B39-8822-FA0A5AE1FD4C}"
EndProject
Project("{FAE04EC0-301F-11D3-BF4B-00C04F79EFBC}") = "EJ02", "EJ02\EJ02.csproj", "{74086D66-A66D-4611-A9E9-2D9ECDDBB0BF}"
EndProject
Project("{FAE04EC0-301F-11D3-BF4B-00C04F79EFBC}") = "EJ03", "EJ03\EJ03.csproj", "{88E2F286-40D4-4A92-9A87-0E7F02FF0B2B}"
EndProject
Project("{FAE04EC0-301F-11D3-BF4B-00C04F79EFBC}") = "EJ04", "EJ04\EJ04.csproj", "{2B833161-4866-4FC1-AE56-9F60AEDE2C30}"
EndProject
Project("{FAE04EC0-301F-11D3-BF4B-00C04F79EFBC}") = "EJ05", "EJ05\EJ05.csproj", "{059A07C2-0968-41B2-A61C-2DA652CBEEB6}"
EndProject
Project("{FAE04EC0-301F-11D3-BF4B-00C04F79EFBC}") = "EJ06", "EJ06\EJ06.csproj", "{7737AF0E-B933-40D6-83B7-B3DC505EC6D6}"
EndProject
Global
	GlobalSection(SolutionConfigurationPlatforms) = preSolution
		Debug|Any CPU = Debug|Any CPU
		Release|Any CPU = Release|Any CPU
	EndGlobalSection
	GlobalSection(ProjectConfigurationPlatforms) = postSolution
		{00ED8A61-82C0-4B39-8822-FA0A5AE1FD4C}.Debug|Any CPU.ActiveCfg = Debug|Any CPU
		{00ED8A61-82C0-4B39-8822-FA0A5AE1FD4C}.Debug|Any CPU.Build.0 = Debug|Any CPU
		{00ED8A61-82C0-4B39-8822-FA0A5AE1FD4C}.Release|Any CPU.ActiveCfg = Release|Any CPU
		{00ED8A61-82C0-4B39-8822-FA0A5AE1FD4C}.Release|Any CPU.Build.0 = Release|Any CPU
		{74086D66-A66D-4611-A9E9-2D9ECDDBB0BF}.Debug|Any CPU.ActiveCfg = Debug|Any CPU
		{74086D66-A66D-4611-A9E9-2D9ECDDBB0BF}.Debug|Any CPU.Build.0 = Debug|Any CPU
		{74086D66-A66D-4611-A9E9-2D9ECDDBB0BF}.Release|Any CPU.ActiveCfg = Release|Any CPU
		{74086D66-A66D-4611-A9E9-2D9ECDDBB0BF}.Release|Any CPU.Build.0 = Release|Any CPU
		{88E2F286-40D4-4A92-9A87-0E7F02FF0B2B}.Debug|Any CPU.ActiveCfg = Debug|Any CPU
		{88E2F286-40D4-4A92-9A87-0E7F02FF0B2B}.Debug|Any CPU.Build.0 = Debug|Any CPU
		{88E2F286-40D4-4A92-9A87-0E7F02FF0B2B}.Release|Any CPU.ActiveCfg = Release|Any CPU
		{88E2F286-40D4-4A92-9A87-0E7F02FF0B2B}.Release|Any CPU.Build.0 = Release|Any CPU
		{2B833161-4866-4FC1-AE56-9F60AEDE2C30}.Debug|Any CPU.ActiveCfg = Debug|Any CPU
		{2B833161-4866-4FC1-AE56-9F60AEDE2C30}.Debug|Any CPU.Build.0 = Debug|Any CPU
		{2B833161-4866-4FC1-AE56-9F60AEDE2C30}.Release|Any CPU.ActiveCfg = Release|Any CPU
		{2B833161-4866-4FC1-AE56-9F60AEDE2C30}.Release|Any CPU.Build.0 = Release|Any CPU
		{059A07C2-0968-41B2-A61C-2DA652CBEEB6}.Debug|Any CPU.ActiveCfg = Debug|Any CPU
		{059A07C2-0968-41B2-A61C-2DA652CBEEB6}.Debug|Any CPU.Build.0 = Debug|Any CPU
		{059A07C2-0968-41B2-A61C-2DA652CBEEB6}.Release|Any CPU.ActiveCfg = Release|Any CPU
		{059A07C2-0968-41B2-A61C-2DA652CBEEB6}.Release|Any CPU.Build.0 = Release|Any CPU
		{7737AF0E-B933-40D6-83B7-B3DC505EC6D6}.Debug|Any CPU.ActiveCfg = Debug|Any CPU
		{7737AF0E-B933-40D6-83B7-B3DC505EC6D6}.Debug|Any CPU.Build.0 = Debug|Any CPU
		{7737AF0E-B933-40D6-83B7-B3DC505EC6D6}.Release|Any CPU.ActiveCfg = Release|Any CPU
		{7737AF0E-B933-40D6-83B7-B3DC505EC6D6}.Release|Any CPU.Build.0 = Release|Any CPU
	EndGlobalSection
	GlobalSection(SolutionProperties) = preSolution
		HideSolutionNode = FALSE
	EndGlobalSection
EndGlobal
